{
    "_meta": {
        "hash": {
            "sha256": "cd217e77b2c4f7c49806c2eb4bfb1559552f01dae6ad04d2f2d7f9bad0cc2612"
        },
        "pipfile-spec": 6,
        "requires": {
            "python_full_version": "3.10.11",
            "python_version": "3.10"
        },
        "sources": [
            {
                "name": "pypi",
                "url": "https://pypi.org/simple",
                "verify_ssl": true
            }
        ]
    },
    "default": {
        "joblib": {
            "hashes": [
                "sha256:206144b320246485b712fc8cc51f017de58225fa8b414a1fe1764a7231aca491",
                "sha256:d8757f955389a3dd7a23152e43bc297c2e0c2d3060056dad0feefc88a06939b5"
            ],
            "markers": "python_version >= '3.9'",
            "version": "==1.5.0"
        },
        "mpmath": {
            "hashes": [
                "sha256:7a28eb2a9774d00c7bc92411c19a89209d5da7c4c9a9e227be8330a23a25b91f",
                "sha256:a0b2b9fe80bbcd81a6647ff13108738cfb482d481d826cc0e02f5b35e5c88d2c"
            ],
            "version": "==1.3.0"
        },
        "numdifftools": {
            "hashes": [
                "sha256:4ef705cd3c06211b3a4e9fd05ad622be916dcfda40732f0128805a2c4be389b4",
                "sha256:a8b162e06889ea73643a47b84935a63d8214d4b4b0805d36a3c28c56379b3e51"
            ],
            "version": "==0.9.41"
        },
        "numpy": {
            "hashes": [
                "sha256:0255732338c4fdd00996c0421884ea8a3651eea555c3a56b84892b66f696eb70",
                "sha256:02f226baeefa68f7d579e213d0f3493496397d8f1cff5e2b222af274c86a552a",
                "sha256:059b51b658f4414fff78c6d7b1b4e18283ab5fa56d270ff212d5ba0c561846f4",
                "sha256:0bcb1d057b7571334139129b7f941588f69ce7c4ed15a9d6162b2ea54ded700c",
                "sha256:0cd48122a6b7eab8f06404805b1bd5856200e3ed6f8a1b9a194f9d9054631beb",
                "sha256:19f4718c9012e3baea91a7dba661dcab2451cda2550678dc30d53acb91a7290f",
                "sha256:1a161c2c79ab30fe4501d5a2bbfe8b162490757cf90b7f05be8b80bc02f7bb8e",
                "sha256:1f4a922da1729f4c40932b2af4fe84909c7a6e167e6e99f71838ce3a29f3fe26",
                "sha256:261a1ef047751bb02f29dfe337230b5882b54521ca121fc7f62668133cb119c9",
                "sha256:262d23f383170f99cd9191a7c85b9a50970fe9069b2f8ab5d786eca8a675d60b",
                "sha256:2ba321813a00e508d5421104464510cc962a6f791aa2fca1c97b1e65027da80d",
                "sha256:2c1a1c6ccce4022383583a6ded7bbcda22fc635eb4eb1e0a053336425ed36dfa",
                "sha256:352d330048c055ea6db701130abc48a21bec690a8d38f8284e00fab256dc1376",
                "sha256:369e0d4647c17c9363244f3468f2227d557a74b6781cb62ce57cf3ef5cc7c610",
                "sha256:36ab5b23915887543441efd0417e6a3baa08634308894316f446027611b53bf1",
                "sha256:37e32e985f03c06206582a7323ef926b4e78bdaa6915095ef08070471865b906",
                "sha256:3a801fef99668f309b88640e28d261991bfad9617c27beda4a3aec4f217ea073",
                "sha256:3d14b17b9be5f9c9301f43d2e2a4886a33b53f4e6fdf9ca2f4cc60aeeee76372",
                "sha256:422cc684f17bc963da5f59a31530b3936f57c95a29743056ef7a7903a5dbdf88",
                "sha256:4520caa3807c1ceb005d125a75e715567806fed67e315cea619d5ec6e75a4191",
                "sha256:47834cde750d3c9f4e52c6ca28a7361859fcaf52695c7dc3cc1a720b8922683e",
                "sha256:47f9ed103af0bc63182609044b0490747e03bd20a67e391192dde119bf43d52f",
                "sha256:498815b96f67dc347e03b719ef49c772589fb74b8ee9ea2c37feae915ad6ebda",
                "sha256:54088a5a147ab71a8e7fdfd8c3601972751ded0739c6b696ad9cb0343e21ab73",
                "sha256:55f09e00d4dccd76b179c0f18a44f041e5332fd0e022886ba1c0bbf3ea4a18d0",
                "sha256:5a0ac90e46fdb5649ab6369d1ab6104bfe5854ab19b645bf5cda0127a13034ae",
                "sha256:6411f744f7f20081b1b4e7112e0f4c9c5b08f94b9f086e6f0adf3645f85d3a4d",
                "sha256:6413d48a9be53e183eb06495d8e3b006ef8f87c324af68241bbe7a39e8ff54c3",
                "sha256:7451f92eddf8503c9b8aa4fe6aa7e87fd51a29c2cfc5f7dbd72efde6c65acf57",
                "sha256:8b4c0773b6ada798f51f0f8e30c054d32304ccc6e9c5d93d46cb26f3d385ab19",
                "sha256:8dfa94b6a4374e7851bbb6f35e6ded2120b752b063e6acdd3157e4d2bb922eba",
                "sha256:97c8425d4e26437e65e1d189d22dff4a079b747ff9c2788057bfb8114ce1e133",
                "sha256:9d75f338f5f79ee23548b03d801d28a505198297534f62416391857ea0479571",
                "sha256:9de6832228f617c9ef45d948ec1cd8949c482238d68b2477e6f642c33a7b0a54",
                "sha256:a4cbdef3ddf777423060c6f81b5694bad2dc9675f110c4b2a60dc0181543fac7",
                "sha256:a9c0d994680cd991b1cb772e8b297340085466a6fe964bc9d4e80f5e2f43c291",
                "sha256:aa70fdbdc3b169d69e8c59e65c07a1c9351ceb438e627f0fdcd471015cd956be",
                "sha256:abe38cd8381245a7f49967a6010e77dbf3680bd3627c0fe4362dd693b404c7f8",
                "sha256:b13f04968b46ad705f7c8a80122a42ae8f620536ea38cf4bdd374302926424dd",
                "sha256:b4ea7e1cff6784e58fe281ce7e7f05036b3e1c89c6f922a6bfbc0a7e8768adbe",
                "sha256:b6f91524d31b34f4a5fee24f5bc16dcd1491b668798b6d85585d836c1e633a6a",
                "sha256:c26843fd58f65da9491165072da2cccc372530681de481ef670dcc8e27cfb066",
                "sha256:c42365005c7a6c42436a54d28c43fe0e01ca11eb2ac3cefe796c25a5f98e5e9b",
                "sha256:c8b82a55ef86a2d8e81b63da85e55f5537d2157165be1cb2ce7cfa57b6aef38b",
                "sha256:ced69262a8278547e63409b2653b372bf4baff0870c57efa76c5703fd6543282",
                "sha256:d2e3bdadaba0e040d1e7ab39db73e0afe2c74ae277f5614dad53eadbecbbb169",
                "sha256:d403c84991b5ad291d3809bace5e85f4bbf44a04bdc9a88ed2bb1807b3360bb8",
                "sha256:d7543263084a85fbc09c704b515395398d31d6395518446237eac219eab9e55e",
                "sha256:d8882a829fd779f0f43998e931c466802a77ca1ee0fe25a3abe50278616b1471",
                "sha256:e4f0b035d9d0ed519c813ee23e0a733db81ec37d2e9503afbb6e54ccfdee0fa7",
                "sha256:e8b025c351b9f0e8b5436cf28a07fa4ac0204d67b38f01433ac7f9b870fa38c6",
                "sha256:eb7fd5b184e5d277afa9ec0ad5e4eb562ecff541e7f60e69ee69c8d59e9aeaba",
                "sha256:ec31367fd6a255dc8de4772bd1658c3e926d8e860a0b6e922b615e532d320ddc",
                "sha256:ee461a4eaab4f165b68780a6a1af95fb23a29932be7569b9fab666c407969051",
                "sha256:f5045039100ed58fa817a6227a356240ea1b9a1bc141018864c306c1a16d4175"
            ],
            "index": "pypi",
            "markers": "python_version >= '3.10'",
            "version": "==2.2.5"
        },
        "packaging": {
            "hashes": [
                "sha256:29572ef2b1f17581046b3a2227d5c611fb25ec70ca1ba8554b24b0e69331a484",
                "sha256:d443872c98d677bf60f6a1f2f8c1cb748e8fe762d2bf9d3148b5599295b0fc4f"
            ],
            "markers": "python_version >= '3.8'",
            "version": "==25.0"
        },
        "pandas": {
            "hashes": [
                "sha256:062309c1b9ea12a50e8ce661145c6aab431b1e99530d3cd60640e255778bd43a",
                "sha256:15c0e1e02e93116177d29ff83e8b1619c93ddc9c49083f237d4312337a61165d",
                "sha256:1948ddde24197a0f7add2bdc4ca83bf2b1ef84a1bc8ccffd95eda17fd836ecb5",
                "sha256:1db71525a1538b30142094edb9adc10be3f3e176748cd7acc2240c2f2e5aa3a4",
                "sha256:22a9d949bfc9a502d320aa04e5d02feab689d61da4e7764b62c30b991c42c5f0",
                "sha256:29401dbfa9ad77319367d36940cd8a0b3a11aba16063e39632d98b0e931ddf32",
                "sha256:31d0ced62d4ea3e231a9f228366919a5ea0b07440d9d4dac345376fd8e1477ea",
                "sha256:3508d914817e153ad359d7e069d752cdd736a247c322d932eb89e6bc84217f28",
                "sha256:37e0aced3e8f539eccf2e099f65cdb9c8aa85109b0be6e93e2baff94264bdc6f",
                "sha256:381175499d3802cde0eabbaf6324cce0c4f5d52ca6f8c377c29ad442f50f6348",
                "sha256:38cf8125c40dae9d5acc10fa66af8ea6fdf760b2714ee482ca691fc66e6fcb18",
                "sha256:3b71f27954685ee685317063bf13c7709a7ba74fc996b84fc6821c59b0f06468",
                "sha256:3fc6873a41186404dad67245896a6e440baacc92f5b716ccd1bc9ed2995ab2c5",
                "sha256:4850ba03528b6dd51d6c5d273c46f183f39a9baf3f0143e566b89450965b105e",
                "sha256:4f18ba62b61d7e192368b84517265a99b4d7ee8912f8708660fb4a366cc82667",
                "sha256:56534ce0746a58afaf7942ba4863e0ef81c9c50d3f0ae93e9497d6a41a057645",
                "sha256:59ef3764d0fe818125a5097d2ae867ca3fa64df032331b7e0917cf5d7bf66b13",
                "sha256:5dbca4c1acd72e8eeef4753eeca07de9b1db4f398669d5994086f788a5d7cc30",
                "sha256:5de54125a92bb4d1c051c0659e6fcb75256bf799a732a87184e5ea503965bce3",
                "sha256:61c5ad4043f791b61dd4752191d9f07f0ae412515d59ba8f005832a532f8736d",
                "sha256:6374c452ff3ec675a8f46fd9ab25c4ad0ba590b71cf0656f8b6daa5202bca3fb",
                "sha256:63cc132e40a2e084cf01adf0775b15ac515ba905d7dcca47e9a251819c575ef3",
                "sha256:66108071e1b935240e74525006034333f98bcdb87ea116de573a6a0dccb6c039",
                "sha256:6dfcb5ee8d4d50c06a51c2fffa6cff6272098ad6540aed1a76d15fb9318194d8",
                "sha256:7c2875855b0ff77b2a64a0365e24455d9990730d6431b9e0ee18ad8acee13dbd",
                "sha256:7eee9e7cea6adf3e3d24e304ac6b8300646e2a5d1cd3a3c2abed9101b0846761",
                "sha256:800250ecdadb6d9c78eae4990da62743b857b470883fa27f652db8bdde7f6659",
                "sha256:86976a1c5b25ae3f8ccae3a5306e443569ee3c3faf444dfd0f41cda24667ad57",
                "sha256:8cd6d7cc958a3910f934ea8dbdf17b2364827bb4dafc38ce6eef6bb3d65ff09c",
                "sha256:99df71520d25fade9db7c1076ac94eb994f4d2673ef2aa2e86ee039b6746d20c",
                "sha256:a5a1595fe639f5988ba6a8e5bc9649af3baf26df3998a0abe56c02609392e0a4",
                "sha256:ad5b65698ab28ed8d7f18790a0dc58005c7629f227be9ecc1072aa74c0c1d43a",
                "sha256:b1d432e8d08679a40e2a6d8b2f9770a5c21793a6f9f47fdd52c5ce1948a5a8a9",
                "sha256:b8661b0238a69d7aafe156b7fa86c44b881387509653fdf857bebc5e4008ad42",
                "sha256:ba96630bc17c875161df3818780af30e43be9b166ce51c9a18c1feae342906c2",
                "sha256:bc6b93f9b966093cb0fd62ff1a7e4c09e6d546ad7c1de191767baffc57628f39",
                "sha256:c124333816c3a9b03fbeef3a9f230ba9a737e9e5bb4060aa2107a86cc0a497fc",
                "sha256:cd8d0c3be0515c12fed0bdbae072551c8b54b7192c7b1fda0ba56059a0179698",
                "sha256:d9c45366def9a3dd85a6454c0e7908f2b3b8e9c138f5dc38fed7ce720d8453ed",
                "sha256:f00d1345d84d8c86a63e476bb4955e46458b304b9575dcf71102b5c705320015",
                "sha256:f3a255b2c19987fbbe62a9dfd6cff7ff2aa9ccab3fc75218fd4b7530f01efa24",
                "sha256:fffb8ae78d8af97f849404f21411c95062db1496aeb3e56f146f0355c9989319"
            ],
            "index": "pypi",
            "markers": "python_version >= '3.9'",
            "version": "==2.2.3"
        },
        "patsy": {
            "hashes": [
                "sha256:751fb38f9e97e62312e921a1954b81e1bb2bcda4f5eeabaf94db251ee791509c",
                "sha256:e786a9391eec818c054e359b737bbce692f051aee4c661f4141cc88fb459c0c4"
            ],
            "markers": "python_version >= '3.6'",
            "version": "==1.0.1"
        },
        "pyreadstat": {
            "hashes": [
                "sha256:33917bc6af674cdf0c989004fcb551bf27e33712dc961d301650f7673ffffb56",
                "sha256:33c9cd24f48845f5cc0d709ff940d0445b1046ee0f3ceee66996674760c5e773",
                "sha256:36782510d5e54b253bb4115387070327bafe19e82bed4e4bdeb1c73ae4a92b1c",
                "sha256:3c049859dbe5f60f70210f5dfe8d4359607a2dfb314d7b8f635811787fff4cec",
                "sha256:44bf5e4f28484693c212f7c461b4a246355b556631719a980c45b81db92f55fa",
                "sha256:4bcce81a16f48dd1264c8d3fedcab6d9ed05d128bed929731c397ca599dee885",
                "sha256:559e4c3d08170ccd399505156f6c3b094018bba58967ec4ee565c1c08377f294",
                "sha256:5ad635ec05a44e8cdd3247ead877bf3b007962ed766d12c0947261f047e5dbca",
                "sha256:5f5fc6277d6893ca658523fba9865bb9481b057eda33c3027bbc3d340c426f90",
                "sha256:6535d80b6d9eacecf86b7710a01e397706edc3ad33ac8d76aea4c429fc8a2eef",
                "sha256:659b1305b2d02fb937fc13c036da48aedd5ef211819e90ff5d35098d35328acb",
                "sha256:6c54558eb2f16a3eaa997fe6579da3897c2cb92d0a04ce8a02121b3b14693094",
                "sha256:78b500a6d3efd3249d55233827f9894818141d53ef0a6064fe1e8785b800cdd5",
                "sha256:7b4b91826bd1bfe217eeb1ab3df9a1b735e3b9abcd4f66a7c8078b0f67e25c64",
                "sha256:8374290f1256c5c5759310f1c9b3d8b5428325be62b11937dc14c1968b53fa91",
                "sha256:a8623352416dc80cc4c7b89019dede89eec9198b92fe57e9d30284e520a2cb55",
                "sha256:ac7fb58ff865f8d1c35f8fb400a1082f8319fb98c3264170ffb013a1cb86b4ae",
                "sha256:b2eae02cb32fd0c7349db1ab4df34b76a1d1701232b25c67aa7b4cdfb8edc743",
                "sha256:b6b40b88b0d9468eee4204c390963b7df67869ebe3e5422f1e61445ef514668a",
                "sha256:c36fdecd14ef121126c87ffe62f132c65bf348ace837beecc2c36a97788b9ea5",
                "sha256:c9ded0866282a7433535d8b6d3fecdadfc7ad67b8563edab4a4eac77fdcfcea0",
                "sha256:ced3f261659f10d23843e36ec3ad6699fcac9a863820e53c6fb4b6c1abcf9e94",
                "sha256:d9815850bd1e9b3cd28f491b2a82ee5e1817d6b019212b402e3b4d3a61e8e408",
                "sha256:d9d8fdedd74afdb40ed5eeb71aab20c5da3a35f896c4916c120c8d7ea3050d8e",
                "sha256:dd724e7a1a84ba3eade252a2a88695dd53030b149b5a740578f21c1636e66ca7",
                "sha256:e461d9e58024ab2bf8d1cb34949f746c939c3ebc2c56da35d4fb9f02d78ed569",
                "sha256:e9a31ec6ea94f8dc1dcbabc440419ea9cd908587f7e1b9658bfdc643551fb63f",
                "sha256:ea6548c286b3d1a9b2c5fd05682c40bfdac380bf0fdebda2f643571d4c0e2aff",
                "sha256:eba39ac73d5282d35bde499815c66b86f5d79c37e177efb0c20799f7fd4f2422",
                "sha256:f3b61637834ce8b0dcf6f79c97cd2e2067ff7faf2f5cf8bb321ce4b6d9541e9e",
                "sha256:f968059e59fb23bf3545a399a454141bf34b3ae664209affa8f31dad47ca5791"
            ],
            "index": "pypi",
            "version": "==1.2.8"
        },
        "python-dateutil": {
            "hashes": [
                "sha256:37dd54208da7e1cd875388217d5e00ebd4179249f90fb72437e91a35459a0ad3",
                "sha256:a8b2bc7bffae282281c8140a97d3aa9c14da0b136dfe83f850eea9a5f7470427"
            ],
            "markers": "python_version >= '2.7' and python_version not in '3.0, 3.1, 3.2, 3.3'",
            "version": "==2.9.0.post0"
        },
        "pytz": {
            "hashes": [
                "sha256:360b9e3dbb49a209c21ad61809c7fb453643e048b38924c765813546746e81c3",
                "sha256:5ddf76296dd8c44c26eb8f4b6f35488f3ccbf6fbbd7adee0b7262d43f0ec2f00"
            ],
            "version": "==2025.2"
        },
        "scikit-learn": {
            "hashes": [
                "sha256:0650e730afb87402baa88afbf31c07b84c98272622aaba002559b614600ca691",
                "sha256:0c8d036eb937dbb568c6242fa598d551d88fb4399c0344d95c001980ec1c7d36",
                "sha256:1061b7c028a8663fb9a1a1baf9317b64a257fcb036dae5c8752b2abef31d136f",
                "sha256:25fc636bdaf1cc2f4a124a116312d837148b5e10872147bdaf4887926b8c03d8",
                "sha256:2c2cae262064e6a9b77eee1c8e768fc46aa0b8338c6a8297b9b6759720ec0ff2",
                "sha256:2e69fab4ebfc9c9b580a7a80111b43d214ab06250f8a7ef590a4edf72464dd86",
                "sha256:2ffa1e9e25b3d93990e74a4be2c2fc61ee5af85811562f1288d5d055880c4322",
                "sha256:3f59fe08dc03ea158605170eb52b22a105f238a5d512c4470ddeca71feae8e5f",
                "sha256:44a17798172df1d3c1065e8fcf9019183f06c87609b49a124ebdf57ae6cb0107",
                "sha256:6849dd3234e87f55dce1db34c89a810b489ead832aaf4d4550b7ea85628be6c1",
                "sha256:6a7aa5f9908f0f28f4edaa6963c0a6183f1911e63a69aa03782f0d924c830a35",
                "sha256:70b1d7e85b1c96383f872a519b3375f92f14731e279a7b4c6cfd650cf5dffc52",
                "sha256:72abc587c75234935e97d09aa4913a82f7b03ee0b74111dcc2881cba3c5a7b33",
                "sha256:775da975a471c4f6f467725dff0ced5c7ac7bda5e9316b260225b48475279a1b",
                "sha256:7a1c43c8ec9fde528d664d947dc4c0789be4077a3647f232869f41d9bf50e0fb",
                "sha256:7a73d457070e3318e32bdb3aa79a8d990474f19035464dfd8bede2883ab5dc3b",
                "sha256:8634c4bd21a2a813e0a7e3900464e6d593162a29dd35d25bdf0103b3fce60ed5",
                "sha256:8a600c31592bd7dab31e1c61b9bbd6dea1b3433e67d264d17ce1017dbdce8002",
                "sha256:926f207c804104677af4857b2c609940b743d04c4c35ce0ddc8ff4f053cddc1b",
                "sha256:a17c1dea1d56dcda2fac315712f3651a1fea86565b64b48fa1bc090249cbf236",
                "sha256:b3b00cdc8f1317b5f33191df1386c0befd16625f49d979fe77a8d44cae82410d",
                "sha256:b4fc2525eca2c69a59260f583c56a7557c6ccdf8deafdba6e060f94c1c59738e",
                "sha256:b8b7a3b86e411e4bce21186e1c180d792f3d99223dcfa3b4f597ecc92fa1a422",
                "sha256:c06beb2e839ecc641366000ca84f3cf6fa9faa1777e29cf0c04be6e4d096a348",
                "sha256:d056391530ccd1e501056160e3c9673b4da4805eb67eb2bdf4e983e1f9c9204e",
                "sha256:dc4765af3386811c3ca21638f63b9cf5ecf66261cc4815c1db3f1e7dc7b79db2",
                "sha256:dc5cf3d68c5a20ad6d571584c0750ec641cc46aeef1c1507be51300e6003a7e1",
                "sha256:e7be3fa5d2eb9be7d77c3734ff1d599151bb523674be9b834e8da6abe132f44e",
                "sha256:e8ca8cb270fee8f1f76fa9bfd5c3507d60c6438bbee5687f81042e2bb98e5a97",
                "sha256:fa909b1a36e000a03c382aade0bd2063fd5680ff8b8e501660c0f59f021a6415"
            ],
            "markers": "python_version >= '3.9'",
            "version": "==1.6.1"
        },
        "scipy": {
            "hashes": [
                "sha256:05dc6abcd105e1a29f95eada46d4a3f251743cfd7d3ae8ddb4088047f24ea477",
                "sha256:06efcba926324df1696931a57a176c80848ccd67ce6ad020c810736bfd58eb1c",
                "sha256:0a769105537aa07a69468a0eefcd121be52006db61cdd8cac8a0e68980bbb723",
                "sha256:0bdd905264c0c9cfa74a4772cdb2070171790381a5c4d312c973382fc6eaf730",
                "sha256:0ff17c0bb1cb32952c09217d8d1eed9b53d1463e5f1dd6052c7857f83127d539",
                "sha256:14ed70039d182f411ffc74789a16df3835e05dc469b898233a245cdfd7f162cb",
                "sha256:185cd3d6d05ca4b44a8f1595af87f9c372bb6acf9c808e99aa3e9aa03bd98cf6",
                "sha256:18aaacb735ab38b38db42cb01f6b92a2d0d4b6aabefeb07f02849e47f8fb3594",
                "sha256:1c832e1bd78dea67d5c16f786681b28dd695a8cb1fb90af2e27580d3d0967e92",
                "sha256:263961f658ce2165bbd7b99fa5135195c3a12d9bef045345016b8b50c315cb82",
                "sha256:271e3713e645149ea5ea3e97b57fdab61ce61333f97cfae392c28ba786f9bb49",
                "sha256:2c620736bcc334782e24d173c0fdbb7590a0a436d2fdf39310a8902505008759",
                "sha256:34716e281f181a02341ddeaad584205bd2fd3c242063bd3423d61ac259ca7eba",
                "sha256:39cb9c62e471b1bb3750066ecc3a3f3052b37751c7c3dfd0fd7e48900ed52982",
                "sha256:3ac07623267feb3ae308487c260ac684b32ea35fd81e12845039952f558047b8",
                "sha256:3b0334816afb8b91dab859281b1b9786934392aa3d527cd847e41bb6f45bee65",
                "sha256:40e54d5c7e7ebf1aa596c374c49fa3135f04648a0caabcb66c52884b943f02b4",
                "sha256:50f9e62461c95d933d5c5ef4a1f2ebf9a2b4e83b0db374cb3f1de104d935922e",
                "sha256:52092bc0472cfd17df49ff17e70624345efece4e1a12b23783a1ac59a1b728ed",
                "sha256:5380741e53df2c566f4d234b100a484b420af85deb39ea35a1cc1be84ff53a5c",
                "sha256:5e721fed53187e71d0ccf382b6bf977644c533e506c4d33c3fb24de89f5c3ed5",
                "sha256:6487aa99c2a3d509a5227d9a5e889ff05830a06b2ce08ec30df6d79db5fcd5c5",
                "sha256:6ac6310fdbfb7aa6612408bd2f07295bcbd3fda00d2d702178434751fe48e019",
                "sha256:6cfd56fc1a8e53f6e89ba3a7a7251f7396412d655bca2aa5611c8ec9a6784a1e",
                "sha256:6db907c7368e3092e24919b5e31c76998b0ce1684d51a90943cb0ed1b4ffd6c1",
                "sha256:721d6b4ef5dc82ca8968c25b111e307083d7ca9091bc38163fb89243e85e3889",
                "sha256:76ad1fb5f8752eabf0fa02e4cc0336b4e8f021e2d5f061ed37d6d264db35e3ca",
                "sha256:79167bba085c31f38603e11a267d862957cbb3ce018d8b38f79ac043bc92d825",
                "sha256:795c46999bae845966368a3c013e0e00947932d68e235702b5c3f6ea799aa8c9",
                "sha256:7e11270a000969409d37ed399585ee530b9ef6aa99d50c019de4cb01e8e54e62",
                "sha256:8c9ed3ba2c8a2ce098163a9bdb26f891746d02136995df25227a20e71c396ebb",
                "sha256:993439ce220d25e3696d1b23b233dd010169b62f6456488567e830654ee37a6b",
                "sha256:9d61e97b186a57350f6d6fd72640f9e99d5a4a2b8fbf4b9ee9a841eab327dc13",
                "sha256:9db984639887e3dffb3928d118145ffe40eff2fa40cb241a306ec57c219ebbbb",
                "sha256:9e2abc762b0811e09a0d3258abee2d98e0c703eee49464ce0069590846f31d40",
                "sha256:a345928c86d535060c9c2b25e71e87c39ab2f22fc96e9636bd74d1dbf9de448c",
                "sha256:ad3432cb0f9ed87477a8d97f03b763fd1d57709f1bbde3c9369b1dff5503b253",
                "sha256:ae48a786a28412d744c62fd7816a4118ef97e5be0bee968ce8f0a2fba7acf3bb",
                "sha256:aef683a9ae6eb00728a542b796f52a5477b78252edede72b8327a886ab63293f",
                "sha256:b90ab29d0c37ec9bf55424c064312930ca5f4bde15ee8619ee44e69319aab163",
                "sha256:c05045d8b9bfd807ee1b9f38761993297b10b245f012b11b13b91ba8945f7e45",
                "sha256:c9deabd6d547aee2c9a81dee6cc96c6d7e9a9b1953f74850c179f91fdc729cb7",
                "sha256:dde4fc32993071ac0c7dd2d82569e544f0bdaff66269cb475e0f369adad13f11",
                "sha256:eae3cf522bc7df64b42cad3925c876e1b0b6c35c1337c93e12c0f366f55b0eaf",
                "sha256:ed7284b21a7a0c8f1b6e5977ac05396c0d008b89e05498c8b7e8f4a1423bba0e",
                "sha256:f77f853d584e72e874d87357ad70f44b437331507d1c311457bed8ed2b956126"
            ],
            "markers": "python_version >= '3.10'",
            "version": "==1.15.3"
        },
        "semopy": {
            "hashes": [
                "sha256:eb6336f8438f0ea6fcfdceb91d448196c3940827ff11a0948889ce6755895653"
            ],
            "index": "pypi",
            "markers": "python_version >= '3.7'",
            "version": "==2.3.11"
        },
        "six": {
            "hashes": [
                "sha256:4721f391ed90541fddacab5acf947aa0d3dc7d27b2e1e8eda2be8970586c3274",
                "sha256:ff70335d468e7eb6ec65b95b99d3a2836546063f63acc5171de367e834932a81"
            ],
            "markers": "python_version >= '2.7' and python_version not in '3.0, 3.1, 3.2, 3.3'",
            "version": "==1.17.0"
        },
        "statsmodels": {
            "hashes": [
                "sha256:1322286a7bfdde2790bf72d29698a1b76c20b8423a55bdcd0d457969d0041f72",
                "sha256:17672b30c6b98afe2b095591e32d1d66d4372f2651428e433f16a3667f19eabb",
                "sha256:2a337b731aa365d09bb0eab6da81446c04fde6c31976b1d8e3d3a911f0f1e07b",
                "sha256:3bb2e580d382545a65f298589809af29daeb15f9da2eb252af8f79693e618abc",
                "sha256:46ac7ddefac0c9b7b607eed1d47d11e26fe92a1bc1f4d9af48aeed4e21e87981",
                "sha256:4793b01b7a5f5424f5a1dbcefc614c83c7608aa2b035f087538253007c339d5d",
                "sha256:4bbb150620b53133d6cd1c5d14c28a4f85701e6c781d9b689b53681effaa655f",
                "sha256:5221dba7424cf4f2561b22e9081de85f5bb871228581124a0d1b572708545199",
                "sha256:5d69e0f39060dc72c067f9bb6e8033b6dccdb0bae101d76a7ef0bcc94e898b67",
                "sha256:5ed7e118e6e3e02d6723a079b8c97eaadeed943fa1f7f619f7148dfc7862670f",
                "sha256:631bb52159117c5da42ba94bd94859276b68cab25dc4cac86475bc24671143bc",
                "sha256:6e9ddefba1d4e1107c1f20f601b0581421ea3ad9fd75ce3c2ba6a76b6dc4682c",
                "sha256:6f43da7957e00190104c5dd0f661bfc6dfc68b87313e3f9c4dbd5e7d222e0aeb",
                "sha256:7a62f1fc9086e4b7ee789a6f66b3c0fc82dd8de1edda1522d30901a0aa45e42b",
                "sha256:7f7917a51766b4e074da283c507a25048ad29a18e527207883d73535e0dc6184",
                "sha256:81030108d27aecc7995cac05aa280cf8c6025f6a6119894eef648997936c2dd0",
                "sha256:8286f69a5e1d0e0b366ffed5691140c83d3efc75da6dbf34a3d06e88abfaaab6",
                "sha256:91341cbde9e8bea5fb419a76e09114e221567d03f34ca26e6d67ae2c27d8fe3c",
                "sha256:9729642884147ee9db67b5a06a355890663d21f76ed608a56ac2ad98b94d201a",
                "sha256:a6087ecb0714f7c59eb24c22781491e6f1cfffb660b4740e167625ca4f052056",
                "sha256:aa74aaa26eaa5012b0a01deeaa8a777595d0835d3d6c7175f2ac65435a7324d2",
                "sha256:ab5e6312213b8cfb9dca93dd46a0f4dccb856541f91d3306227c3d92f7659245",
                "sha256:b5a24f5d2c22852d807d2b42daf3a61740820b28d8381daaf59dcb7055bf1a79",
                "sha256:bb695c2025d122a101c2aca66d2b78813c321b60d3a7c86bb8ec4467bb53b0f9",
                "sha256:d330da34f59f1653c5193f9fe3a3a258977c880746db7f155fc33713ea858db5",
                "sha256:d9c8fa28dfd75753d9cf62769ba1fecd7e73a0be187f35cc6f54076f98aa3f3f",
                "sha256:df4f7864606fa843d7e7c0e6af288f034a2160dba14e6ccc09020a3cf67cb092",
                "sha256:e31b95ac603415887c9f0d344cb523889cf779bc52d68e27e2d23c358958fec7",
                "sha256:e332c2d9b806083d1797231280602340c5c913f90d4caa0213a6a54679ce9331",
                "sha256:f5f537f7d000de4a1708c63400755152b862cd4926bb81a86568e347c19c364b"
            ],
            "markers": "python_version >= '3.9'",
            "version": "==0.14.4"
        },
        "sympy": {
            "hashes": [
                "sha256:d3d3fe8df1e5a0b42f0e7bdf50541697dbe7d23746e894990c030e2b05e72517",
                "sha256:e091cc3e99d2141a0ba2847328f5479b05d94a6635cb96148ccb3f34671bd8f5"
            ],
            "markers": "python_version >= '3.9'",
            "version": "==1.14.0"
        },
        "threadpoolctl": {
            "hashes": [
                "sha256:43a0b8fd5a2928500110039e43a5eed8480b918967083ea48dc3ab9f13c4a7fb",
                "sha256:8ab8b4aa3491d812b623328249fab5302a68d2d71745c8a4c719a2fcaba9f44e"
            ],
            "markers": "python_version >= '3.9'",
            "version": "==3.6.0"
        },
        "tzdata": {
            "hashes": [
                "sha256:1a403fada01ff9221ca8044d701868fa132215d84beb92242d9acd2147f667a8",
                "sha256:b60a638fcc0daffadf82fe0f57e53d06bdec2f36c4df66280ae79bce6bd6f2b9"
            ],
            "markers": "python_version >= '2'",
            "version": "==2025.2"
        }
    },
    "develop": {}
}
